
Microsoft Visual Studio Solution File, Format Version 12.00
# Visual Studio 14
VisualStudioVersion = 14.0.25420.1
MinimumVisualStudioVersion = 10.0.40219.1
Project("{FAE04EC0-301F-11D3-BF4B-00C04F79EFBC}") = "Print", "Print\Print.csproj", "{3F351064-998E-4B80-A3D0-6970B8E1DA00}"
EndProject
Project("{FAE04EC0-301F-11D3-BF4B-00C04F79EFBC}") = "AutoUpdate", "AutoUpdate\AutoUpdate.csproj", "{16325716-1455-4974-86E6-9E538EB6A465}"
EndProject
Project("{6141683F-8A12-4E36-9623-2EB02B2C2303}") = "Setup", "Setup\Setup.isproj", "{AF68B858-6AF8-4D36-8A11-F5134ADECA8A}"
	ProjectSection(ProjectDependencies) = postProject
		{16325716-1455-4974-86E6-9E538EB6A465} = {16325716-1455-4974-86E6-9E538EB6A465}
		{DF139C52-A92F-43AF-B73E-04E5C24FA678} = {DF139C52-A92F-43AF-B73E-04E5C24FA678}
		{3F351064-998E-4B80-A3D0-6970B8E1DA00} = {3F351064-998E-4B80-A3D0-6970B8E1DA00}
	EndProjectSection
EndProject
Project("{FAE04EC0-301F-11D3-BF4B-00C04F79EFBC}") = "common", "common\common.csproj", "{DF139C52-A92F-43AF-B73E-04E5C24FA678}"
EndProject
Global
	GlobalSection(SolutionConfigurationPlatforms) = preSolution
		CD_ROM|Any CPU = CD_ROM|Any CPU
		Debug|Any CPU = Debug|Any CPU
		DVD-5|Any CPU = DVD-5|Any CPU
		Release|Any CPU = Release|Any CPU
		SingleImage|Any CPU = SingleImage|Any CPU
	EndGlobalSection
	GlobalSection(ProjectConfigurationPlatforms) = postSolution
		{3F351064-998E-4B80-A3D0-6970B8E1DA00}.CD_ROM|Any CPU.ActiveCfg = Release|Any CPU
		{3F351064-998E-4B80-A3D0-6970B8E1DA00}.CD_ROM|Any CPU.Build.0 = Release|Any CPU
		{3F351064-998E-4B80-A3D0-6970B8E1DA00}.Debug|Any CPU.ActiveCfg = Debug|Any CPU
		{3F351064-998E-4B80-A3D0-6970B8E1DA00}.Debug|Any CPU.Build.0 = Debug|Any CPU
		{3F351064-998E-4B80-A3D0-6970B8E1DA00}.DVD-5|Any CPU.ActiveCfg = Debug|Any CPU
		{3F351064-998E-4B80-A3D0-6970B8E1DA00}.DVD-5|Any CPU.Build.0 = Debug|Any CPU
		{3F351064-998E-4B80-A3D0-6970B8E1DA00}.Release|Any CPU.ActiveCfg = Release|Any CPU
		{3F351064-998E-4B80-A3D0-6970B8E1DA00}.Release|Any CPU.Build.0 = Release|Any CPU
		{3F351064-998E-4B80-A3D0-6970B8E1DA00}.SingleImage|Any CPU.ActiveCfg = Release|Any CPU
		{3F351064-998E-4B80-A3D0-6970B8E1DA00}.SingleImage|Any CPU.Build.0 = Release|Any CPU
		{16325716-1455-4974-86E6-9E538EB6A465}.CD_ROM|Any CPU.ActiveCfg = Release|Any CPU
		{16325716-1455-4974-86E6-9E538EB6A465}.CD_ROM|Any CPU.Build.0 = Release|Any CPU
		{16325716-1455-4974-86E6-9E538EB6A465}.Debug|Any CPU.ActiveCfg = Debug|Any CPU
		{16325716-1455-4974-86E6-9E538EB6A465}.Debug|Any CPU.Build.0 = Debug|Any CPU
		{16325716-1455-4974-86E6-9E538EB6A465}.DVD-5|Any CPU.ActiveCfg = Debug|Any CPU
		{16325716-1455-4974-86E6-9E538EB6A465}.DVD-5|Any CPU.Build.0 = Debug|Any CPU
		{16325716-1455-4974-86E6-9E538EB6A465}.Release|Any CPU.ActiveCfg = Release|Any CPU
		{16325716-1455-4974-86E6-9E538EB6A465}.Release|Any CPU.Build.0 = Release|Any CPU
		{16325716-1455-4974-86E6-9E538EB6A465}.SingleImage|Any CPU.ActiveCfg = Release|Any CPU
		{16325716-1455-4974-86E6-9E538EB6A465}.SingleImage|Any CPU.Build.0 = Release|Any CPU
		{AF68B858-6AF8-4D36-8A11-F5134ADECA8A}.CD_ROM|Any CPU.ActiveCfg = CD_ROM
		{AF68B858-6AF8-4D36-8A11-F5134ADECA8A}.CD_ROM|Any CPU.Build.0 = CD_ROM
		{AF68B858-6AF8-4D36-8A11-F5134ADECA8A}.Debug|Any CPU.ActiveCfg = SingleImage
		{AF68B858-6AF8-4D36-8A11-F5134ADECA8A}.Debug|Any CPU.Build.0 = SingleImage
		{AF68B858-6AF8-4D36-8A11-F5134ADECA8A}.DVD-5|Any CPU.ActiveCfg = DVD-5
		{AF68B858-6AF8-4D36-8A11-F5134ADECA8A}.DVD-5|Any CPU.Build.0 = DVD-5
		{AF68B858-6AF8-4D36-8A11-F5134ADECA8A}.Release|Any CPU.ActiveCfg = SingleImage
		{AF68B858-6AF8-4D36-8A11-F5134ADECA8A}.Release|Any CPU.Build.0 = SingleImage
		{AF68B858-6AF8-4D36-8A11-F5134ADECA8A}.SingleImage|Any CPU.ActiveCfg = SingleImage
		{AF68B858-6AF8-4D36-8A11-F5134ADECA8A}.SingleImage|Any CPU.Build.0 = SingleImage
		{DF139C52-A92F-43AF-B73E-04E5C24FA678}.CD_ROM|Any CPU.ActiveCfg = Release|Any CPU
		{DF139C52-A92F-43AF-B73E-04E5C24FA678}.CD_ROM|Any CPU.Build.0 = Release|Any CPU
		{DF139C52-A92F-43AF-B73E-04E5C24FA678}.Debug|Any CPU.ActiveCfg = Debug|Any CPU
		{DF139C52-A92F-43AF-B73E-04E5C24FA678}.Debug|Any CPU.Build.0 = Debug|Any CPU
		{DF139C52-A92F-43AF-B73E-04E5C24FA678}.DVD-5|Any CPU.ActiveCfg = Debug|Any CPU
		{DF139C52-A92F-43AF-B73E-04E5C24FA678}.DVD-5|Any CPU.Build.0 = Debug|Any CPU
		{DF139C52-A92F-43AF-B73E-04E5C24FA678}.Release|Any CPU.ActiveCfg = Release|Any CPU
		{DF139C52-A92F-43AF-B73E-04E5C24FA678}.Release|Any CPU.Build.0 = Release|Any CPU
		{DF139C52-A92F-43AF-B73E-04E5C24FA678}.SingleImage|Any CPU.ActiveCfg = Release|Any CPU
		{DF139C52-A92F-43AF-B73E-04E5C24FA678}.SingleImage|Any CPU.Build.0 = Release|Any CPU
	EndGlobalSection
	GlobalSection(SolutionProperties) = preSolution
		HideSolutionNode = FALSE
	EndGlobalSection
EndGlobal
